
Microsoft Visual Studio Solution File, Format Version 12.00
# Visual Studio Version 17
VisualStudioVersion = 17.0.32112.339
MinimumVisualStudioVersion = 10.0.40219.1
Project("{FAE04EC0-301F-11D3-BF4B-00C04F79EFBC}") = "ConsoleApp16", "ConsoleApp16\ConsoleApp16.csproj", "{91EDDD4D-51F5-41CC-B01A-CA92413C8797}"
EndProject
Global
	GlobalSection(SolutionConfigurationPlatforms) = preSolution
		Debug|Any CPU = Debug|Any CPU
		Release|Any CPU = Release|Any CPU
	EndGlobalSection
	GlobalSection(ProjectConfigurationPlatforms) = postSolution
		{91EDDD4D-51F5-41CC-B01A-CA92413C8797}.Debug|Any CPU.ActiveCfg = Debug|Any CPU
		{91EDDD4D-51F5-41CC-B01A-CA92413C8797}.Debug|Any CPU.Build.0 = Debug|Any CPU
		{91EDDD4D-51F5-41CC-B01A-CA92413C8797}.Release|Any CPU.ActiveCfg = Release|Any CPU
		{91EDDD4D-51F5-41CC-B01A-CA92413C8797}.Release|Any CPU.Build.0 = Release|Any CPU
	EndGlobalSection
	GlobalSection(SolutionProperties) = preSolution
		HideSolutionNode = FALSE
	EndGlobalSection
	GlobalSection(ExtensibilityGlobals) = postSolution
		SolutionGuid = {CF97DCFC-B9D9-47C3-A600-2651B92FEBD6}
	EndGlobalSection
EndGlobal
